
Microsoft Visual Studio Solution File, Format Version 12.00
# Visual Studio Version 16
VisualStudioVersion = 16.0.30114.105
MinimumVisualStudioVersion = 10.0.40219.1
Project("{FAE04EC0-301F-11D3-BF4B-00C04F79EFBC}") = "TP10", "TP10\TP10.csproj", "{56A22CA4-3392-49F6-AE82-129595CE8CE5}"
EndProject
Global
	GlobalSection(SolutionConfigurationPlatforms) = preSolution
		Debug|Any CPU = Debug|Any CPU
		Release|Any CPU = Release|Any CPU
	EndGlobalSection
	GlobalSection(ProjectConfigurationPlatforms) = postSolution
		{56A22CA4-3392-49F6-AE82-129595CE8CE5}.Debug|Any CPU.ActiveCfg = Debug|Any CPU
		{56A22CA4-3392-49F6-AE82-129595CE8CE5}.Debug|Any CPU.Build.0 = Debug|Any CPU
		{56A22CA4-3392-49F6-AE82-129595CE8CE5}.Release|Any CPU.ActiveCfg = Release|Any CPU
		{56A22CA4-3392-49F6-AE82-129595CE8CE5}.Release|Any CPU.Build.0 = Release|Any CPU
	EndGlobalSection
	GlobalSection(SolutionProperties) = preSolution
		HideSolutionNode = FALSE
	EndGlobalSection
	GlobalSection(ExtensibilityGlobals) = postSolution
		SolutionGuid = {3144CAD8-078B-4AC1-A6ED-C4D3A3E33DFE}
	EndGlobalSection
EndGlobal
